
Microsoft Visual Studio Solution File, Format Version 12.00
# Visual Studio Version 17
VisualStudioVersion = 17.4.33213.308
MinimumVisualStudioVersion = 10.0.40219.1
Project("{FAE04EC0-301F-11D3-BF4B-00C04F79EFBC}") = "Зад3", "Зад3.csproj", "{CA39FC5D-4FE4-4DCB-9F21-CFC90C758D36}"
EndProject
Global
	GlobalSection(SolutionConfigurationPlatforms) = preSolution
		Debug|Any CPU = Debug|Any CPU
		Release|Any CPU = Release|Any CPU
	EndGlobalSection
	GlobalSection(ProjectConfigurationPlatforms) = postSolution
		{CA39FC5D-4FE4-4DCB-9F21-CFC90C758D36}.Debug|Any CPU.ActiveCfg = Debug|Any CPU
		{CA39FC5D-4FE4-4DCB-9F21-CFC90C758D36}.Debug|Any CPU.Build.0 = Debug|Any CPU
		{CA39FC5D-4FE4-4DCB-9F21-CFC90C758D36}.Release|Any CPU.ActiveCfg = Release|Any CPU
		{CA39FC5D-4FE4-4DCB-9F21-CFC90C758D36}.Release|Any CPU.Build.0 = Release|Any CPU
	EndGlobalSection
	GlobalSection(SolutionProperties) = preSolution
		HideSolutionNode = FALSE
	EndGlobalSection
	GlobalSection(ExtensibilityGlobals) = postSolution
		SolutionGuid = {91B97721-A824-4BDF-BE25-9218AF47EC2B}
	EndGlobalSection
EndGlobal
